// !$*UTF8*$!
{
	archiveVersion = 1;
	classes = {
	};
	objectVersion = 51;
	objects = {

/* Begin PBXBuildFile section */
		9CE670C099719895C965E20A /* Pods_Weatherify.framework in Frameworks */ = {isa = PBXBuildFile; fileRef = C697FA92D1810595E33D6A0A /* Pods_Weatherify.framework */; };
		A7455BA02622057E008602F2 /* AppDelegate.swift in Sources */ = {isa = PBXBuildFile; fileRef = A7455B9F2622057E008602F2 /* AppDelegate.swift */; };
		A7455BA22622057E008602F2 /* SceneDelegate.swift in Sources */ = {isa = PBXBuildFile; fileRef = A7455BA12622057E008602F2 /* SceneDelegate.swift */; };
		A7455BA72622057E008602F2 /* Main.storyboard in Resources */ = {isa = PBXBuildFile; fileRef = A7455BA52622057E008602F2 /* Main.storyboard */; };
		A7455BA92622057F008602F2 /* Assets.xcassets in Resources */ = {isa = PBXBuildFile; fileRef = A7455BA82622057F008602F2 /* Assets.xcassets */; };
		A7455BAC2622057F008602F2 /* LaunchScreen.storyboard in Resources */ = {isa = PBXBuildFile; fileRef = A7455BAA2622057F008602F2 /* LaunchScreen.storyboard */; };
		A7A7FC5F262206A5009E0DD0 /* CurrentWeather.swift in Sources */ = {isa = PBXBuildFile; fileRef = A7A7FC5A262206A4009E0DD0 /* CurrentWeather.swift */; };
		A7A7FC60262206A5009E0DD0 /* WeatherRequest.swift in Sources */ = {isa = PBXBuildFile; fileRef = A7A7FC5B262206A4009E0DD0 /* WeatherRequest.swift */; };
		A7A7FC61262206A5009E0DD0 /* WeatherLocation.swift in Sources */ = {isa = PBXBuildFile; fileRef = A7A7FC5C262206A4009E0DD0 /* WeatherLocation.swift */; };
		A7A7FC63262206A5009E0DD0 /* MainViewController.swift in Sources */ = {isa = PBXBuildFile; fileRef = A7A7FC5E262206A5009E0DD0 /* MainViewController.swift */; };
		A7A7FC6A26220842009E0DD0 /* LaunchIcon.png in Resources */ = {isa = PBXBuildFile; fileRef = A7A7FC6926220842009E0DD0 /* LaunchIcon.png */; };
		A7C50E8827CE35D1004527D4 /* Weather.swift in Sources */ = {isa = PBXBuildFile; fileRef = A7C50E8127CE34E0004527D4 /* Weather.swift */; };
/* End PBXBuildFile section */

/* Begin PBXFileReference section */
		90DF93169DFF0C9242A497F4 /* Pods-Weatherify.debug.xcconfig */ = {isa = PBXFileReference; includeInIndex = 1; lastKnownFileType = text.xcconfig; name = "Pods-Weatherify.debug.xcconfig"; path = "Target Support Files/Pods-Weatherify/Pods-Weatherify.debug.xcconfig"; sourceTree = "<group>"; };
		A7455B9C2622057E008602F2 /* Weatherify.app */ = {isa = PBXFileReference; explicitFileType = wrapper.application; includeInIndex = 0; path = Weatherify.app; sourceTree = BUILT_PRODUCTS_DIR; };
		A7455B9F2622057E008602F2 /* AppDelegate.swift */ = {isa = PBXFileReference; lastKnownFileType = sourcecode.swift; path = AppDelegate.swift; sourceTree = "<group>"; };
		A7455BA12622057E008602F2 /* SceneDelegate.swift */ = {isa = PBXFileReference; lastKnownFileType = sourcecode.swift; path = SceneDelegate.swift; sourceTree = "<group>"; };
		A7455BA62622057E008602F2 /* Base */ = {isa = PBXFileReference; lastKnownFileType = file.storyboard; name = Base; path = Base.lproj/Main.storyboard; sourceTree = "<group>"; };
		A7455BA82622057F008602F2 /* Assets.xcassets */ = {isa = PBXFileReference; lastKnownFileType = folder.assetcatalog; path = Assets.xcassets; sourceTree = "<group>"; };
		A7455BAB2622057F008602F2 /* Base */ = {isa = PBXFileReference; lastKnownFileType = file.storyboard; name = Base; path = Base.lproj/LaunchScreen.storyboard; sourceTree = "<group>"; };
		A7455BAD2622057F008602F2 /* Info.plist */ = {isa = PBXFileReference; lastKnownFileType = text.plist.xml; path = Info.plist; sourceTree = "<group>"; };
		A7A7FC5A262206A4009E0DD0 /* CurrentWeather.swift */ = {isa = PBXFileReference; fileEncoding = 4; lastKnownFileType = sourcecode.swift; path = CurrentWeather.swift; sourceTree = "<group>"; };
		A7A7FC5B262206A4009E0DD0 /* WeatherRequest.swift */ = {isa = PBXFileReference; fileEncoding = 4; lastKnownFileType = sourcecode.swift; path = WeatherRequest.swift; sourceTree = "<group>"; };
		A7A7FC5C262206A4009E0DD0 /* WeatherLocation.swift */ = {isa = PBXFileReference; fileEncoding = 4; lastKnownFileType = sourcecode.swift; path = WeatherLocation.swift; sourceTree = "<group>"; };
		A7A7FC5E262206A5009E0DD0 /* MainViewController.swift */ = {isa = PBXFileReference; fileEncoding = 4; lastKnownFileType = sourcecode.swift; path = MainViewController.swift; sourceTree = "<group>"; };
		A7A7FC6926220842009E0DD0 /* LaunchIcon.png */ = {isa = PBXFileReference; lastKnownFileType = image.png; path = LaunchIcon.png; sourceTree = "<group>"; };
		A7C50E8127CE34E0004527D4 /* Weather.swift */ = {isa = PBXFileReference; lastKnownFileType = sourcecode.swift; path = Weather.swift; sourceTree = "<group>"; };
		C697FA92D1810595E33D6A0A /* Pods_Weatherify.framework */ = {isa = PBXFileReference; explicitFileType = wrapper.framework; includeInIndex = 0; path = Pods_Weatherify.framework; sourceTree = BUILT_PRODUCTS_DIR; };
		FB9E7F84B37BF687DBE03122 /* Pods-Weatherify.release.xcconfig */ = {isa = PBXFileReference; includeInIndex = 1; lastKnownFileType = text.xcconfig; name = "Pods-Weatherify.release.xcconfig"; path = "Target Support Files/Pods-Weatherify/Pods-Weatherify.release.xcconfig"; sourceTree = "<group>"; };
/* End PBXFileReference section */

/* Begin PBXFrameworksBuildPhase section */
		A7455B992622057E008602F2 /* Frameworks */ = {
			isa = PBXFrameworksBuildPhase;
			buildActionMask = 2147483647;
			files = (
				9CE670C099719895C965E20A /* Pods_Weatherify.framework in Frameworks */,
			);
			runOnlyForDeploymentPostprocessing = 0;
		};
/* End PBXFrameworksBuildPhase section */

/* Begin PBXGroup section */
		2338D48F1062C295D71EA651 /* Pods */ = {
			isa = PBXGroup;
			children = (
				90DF93169DFF0C9242A497F4 /* Pods-Weatherify.debug.xcconfig */,
				FB9E7F84B37BF687DBE03122 /* Pods-Weatherify.release.xcconfig */,
			);
			path = Pods;
			sourceTree = "<group>";
		};
		8168286643CE576474351EB1 /* Frameworks */ = {
			isa = PBXGroup;
			children = (
				C697FA92D1810595E33D6A0A /* Pods_Weatherify.framework */,
			);
			name = Frameworks;
			sourceTree = "<group>";
		};
		A7455B932622057E008602F2 = {
			isa = PBXGroup;
			children = (
				A7455B9E2622057E008602F2 /* Weatherify */,
				A7455B9D2622057E008602F2 /* Products */,
				2338D48F1062C295D71EA651 /* Pods */,
				8168286643CE576474351EB1 /* Frameworks */,
			);
			sourceTree = "<group>";
		};
		A7455B9D2622057E008602F2 /* Products */ = {
			isa = PBXGroup;
			children = (
				A7455B9C2622057E008602F2 /* Weatherify.app */,
			);
			name = Products;
			sourceTree = "<group>";
		};
		A7455B9E2622057E008602F2 /* Weatherify */ = {
			isa = PBXGroup;
			children = (
				A7A7FC6926220842009E0DD0 /* LaunchIcon.png */,
				A7455B9F2622057E008602F2 /* AppDelegate.swift */,
				A7C50E8027CE34DF004527D4 /* Model */,
				A7C50E8727CE3525004527D4 /* View */,
				A7C50E8227CE34EC004527D4 /* Controller */,
				A7455BA12622057E008602F2 /* SceneDelegate.swift */,
				A7455BA82622057F008602F2 /* Assets.xcassets */,
				A7455BAA2622057F008602F2 /* LaunchScreen.storyboard */,
				A7455BAD2622057F008602F2 /* Info.plist */,
			);
			path = Weatherify;
			sourceTree = "<group>";
		};
		A7C50E8027CE34DF004527D4 /* Model */ = {
			isa = PBXGroup;
			children = (
				A7A7FC5A262206A4009E0DD0 /* CurrentWeather.swift */,
				A7C50E8127CE34E0004527D4 /* Weather.swift */,
				A7A7FC5C262206A4009E0DD0 /* WeatherLocation.swift */,
				A7A7FC5B262206A4009E0DD0 /* WeatherRequest.swift */,
			);
			path = Model;
			sourceTree = "<group>";
		};
		A7C50E8227CE34EC004527D4 /* Controller */ = {
			isa = PBXGroup;
			children = (
				A7A7FC5E262206A5009E0DD0 /* MainViewController.swift */,
			);
			path = Controller;
			sourceTree = "<group>";
		};
		A7C50E8727CE3525004527D4 /* View */ = {
			isa = PBXGroup;
			children = (
				A7455BA52622057E008602F2 /* Main.storyboard */,
			);
			path = View;
			sourceTree = "<group>";
		};
/* End PBXGroup section */

/* Begin PBXNativeTarget section */
		A7455B9B2622057E008602F2 /* Weatherify */ = {
			isa = PBXNativeTarget;
			buildConfigurationList = A7455BB02622057F008602F2 /* Build configuration list for PBXNativeTarget "Weatherify" */;
			buildPhases = (
				EA66F69DD46AE12AB4F359B6 /* [CP] Check Pods Manifest.lock */,
				A7455B982622057E008602F2 /* Sources */,
				A7455B992622057E008602F2 /* Frameworks */,
				A7455B9A2622057E008602F2 /* Resources */,
				2AB8E6163F7DFB4773C75D13 /* [CP] Embed Pods Frameworks */,
			);
			buildRules = (
			);
			dependencies = (
			);
			name = Weatherify;
			productName = Weatherify;
			productReference = A7455B9C2622057E008602F2 /* Weatherify.app */;
			productType = "com.apple.product-type.application";
		};
/* End PBXNativeTarget section */

/* Begin PBXProject section */
		A7455B942622057E008602F2 /* Project object */ = {
			isa = PBXProject;
			attributes = {
				LastSwiftUpdateCheck = 1230;
				LastUpgradeCheck = 1230;
				TargetAttributes = {
					A7455B9B2622057E008602F2 = {
						CreatedOnToolsVersion = 12.3;
					};
				};
			};
			buildConfigurationList = A7455B972622057E008602F2 /* Build configuration list for PBXProject "Weatherify" */;
			compatibilityVersion = "Xcode 9.3";
			developmentRegion = en;
			hasScannedForEncodings = 0;
			knownRegions = (
				en,
				Base,
			);
			mainGroup = A7455B932622057E008602F2;
			productRefGroup = A7455B9D2622057E008602F2 /* Products */;
			projectDirPath = "";
			projectRoot = "";
			targets = (
				A7455B9B2622057E008602F2 /* Weatherify */,
			);
		};
/* End PBXProject section */

/* Begin PBXResourcesBuildPhase section */
		A7455B9A2622057E008602F2 /* Resources */ = {
			isa = PBXResourcesBuildPhase;
			buildActionMask = 2147483647;
			files = (
				A7455BAC2622057F008602F2 /* LaunchScreen.storyboard in Resources */,
				A7A7FC6A26220842009E0DD0 /* LaunchIcon.png in Resources */,
				A7455BA92622057F008602F2 /* Assets.xcassets in Resources */,
				A7455BA72622057E008602F2 /* Main.storyboard in Resources */,
			);
			runOnlyForDeploymentPostprocessing = 0;
		};
/* End PBXResourcesBuildPhase section */

/* Begin PBXShellScriptBuildPhase section */
		2AB8E6163F7DFB4773C75D13 /* [CP] Embed Pods Frameworks */ = {
			isa = PBXShellScriptBuildPhase;
			buildActionMask = 2147483647;
			files = (
			);
			inputFileListPaths = (
				"${PODS_ROOT}/Target Support Files/Pods-Weatherify/Pods-Weatherify-frameworks-${CONFIGURATION}-input-files.xcfilelist",
			);
			name = "[CP] Embed Pods Frameworks";
			outputFileListPaths = (
				"${PODS_ROOT}/Target Support Files/Pods-Weatherify/Pods-Weatherify-frameworks-${CONFIGURATION}-output-files.xcfilelist",
			);
			runOnlyForDeploymentPostprocessing = 0;
			shellPath = /bin/sh;
			shellScript = "\"${PODS_ROOT}/Target Support Files/Pods-Weatherify/Pods-Weatherify-frameworks.sh\"\n";
			showEnvVarsInLog = 0;
		};
		EA66F69DD46AE12AB4F359B6 /* [CP] Check Pods Manifest.lock */ = {
			isa = PBXShellScriptBuildPhase;
			buildActionMask = 2147483647;
			files = (
			);
			inputFileListPaths = (
			);
			inputPaths = (
				"${PODS_PODFILE_DIR_PATH}/Podfile.lock",
				"${PODS_ROOT}/Manifest.lock",
			);
			name = "[CP] Check Pods Manifest.lock";
			outputFileListPaths = (
			);
			outputPaths = (
				"$(DERIVED_FILE_DIR)/Pods-Weatherify-checkManifestLockResult.txt",
			);
			runOnlyForDeploymentPostprocessing = 0;
			shellPath = /bin/sh;
			shellScript = "diff \"${PODS_PODFILE_DIR_PATH}/Podfile.lock\" \"${PODS_ROOT}/Manifest.lock\" > /dev/null\nif [ $? != 0 ] ; then\n    # print error to STDERR\n    echo \"error: The sandbox is not in sync with the Podfile.lock. Run 'pod install' or update your CocoaPods installation.\" >&2\n    exit 1\nfi\n# This output is used by Xcode 'outputs' to avoid re-running this script phase.\necho \"SUCCESS\" > \"${SCRIPT_OUTPUT_FILE_0}\"\n";
			showEnvVarsInLog = 0;
		};
/* End PBXShellScriptBuildPhase section */

/* Begin PBXSourcesBuildPhase section */
		A7455B982622057E008602F2 /* Sources */ = {
			isa = PBXSourcesBuildPhase;
			buildActionMask = 2147483647;
			files = (
				A7A7FC63262206A5009E0DD0 /* MainViewController.swift in Sources */,
				A7A7FC61262206A5009E0DD0 /* WeatherLocation.swift in Sources */,
				A7A7FC60262206A5009E0DD0 /* WeatherRequest.swift in Sources */,
				A7455BA02622057E008602F2 /* AppDelegate.swift in Sources */,
				A7A7FC5F262206A5009E0DD0 /* CurrentWeather.swift in Sources */,
				A7455BA22622057E008602F2 /* SceneDelegate.swift in Sources */,
				A7C50E8827CE35D1004527D4 /* Weather.swift in Sources */,
			);
			runOnlyForDeploymentPostprocessing = 0;
		};
/* End PBXSourcesBuildPhase section */

/* Begin PBXVariantGroup section */
		A7455BA52622057E008602F2 /* Main.storyboard */ = {
			isa = PBXVariantGroup;
			children = (
				A7455BA62622057E008602F2 /* Base */,
			);
			name = Main.storyboard;
			sourceTree = "<group>";
		};
		A7455BAA2622057F008602F2 /* LaunchScreen.storyboard */ = {
			isa = PBXVariantGroup;
			children = (
				A7455BAB2622057F008602F2 /* Base */,
			);
			name = LaunchScreen.storyboard;
			sourceTree = "<group>";
		};
/* End PBXVariantGroup section */

/* Begin XCBuildConfiguration section */
		A7455BAE2622057F008602F2 /* Debug */ = {
			isa = XCBuildConfiguration;
			buildSettings = {
				ALWAYS_SEARCH_USER_PATHS = NO;
				CLANG_ANALYZER_NONNULL = YES;
				CLANG_ANALYZER_NUMBER_OBJECT_CONVERSION = YES_AGGRESSIVE;
				CLANG_CXX_LANGUAGE_STANDARD = "gnu++14";
				CLANG_CXX_LIBRARY = "libc++";
				CLANG_ENABLE_MODULES = YES;
				CLANG_ENABLE_OBJC_ARC = YES;
				CLANG_ENABLE_OBJC_WEAK = YES;
				CLANG_WARN_BLOCK_CAPTURE_AUTORELEASING = YES;
				CLANG_WARN_BOOL_CONVERSION = YES;
				CLANG_WARN_COMMA = YES;
				CLANG_WARN_CONSTANT_CONVERSION = YES;
				CLANG_WARN_DEPRECATED_OBJC_IMPLEMENTATIONS = YES;
				CLANG_WARN_DIRECT_OBJC_ISA_USAGE = YES_ERROR;
				CLANG_WARN_DOCUMENTATION_COMMENTS = YES;
				CLANG_WARN_EMPTY_BODY = YES;
				CLANG_WARN_ENUM_CONVERSION = YES;
				CLANG_WARN_INFINITE_RECURSION = YES;
				CLANG_WARN_INT_CONVERSION = YES;
				CLANG_WARN_NON_LITERAL_NULL_CONVERSION = YES;
				CLANG_WARN_OBJC_IMPLICIT_RETAIN_SELF = YES;
				CLANG_WARN_OBJC_LITERAL_CONVERSION = YES;
				CLANG_WARN_OBJC_ROOT_CLASS = YES_ERROR;
				CLANG_WARN_QUOTED_INCLUDE_IN_FRAMEWORK_HEADER = YES;
				CLANG_WARN_RANGE_LOOP_ANALYSIS = YES;
				CLANG_WARN_STRICT_PROTOTYPES = YES;
				CLANG_WARN_SUSPICIOUS_MOVE = YES;
				CLANG_WARN_UNGUARDED_AVAILABILITY = YES_AGGRESSIVE;
				CLANG_WARN_UNREACHABLE_CODE = YES;
				CLANG_WARN__DUPLICATE_METHOD_MATCH = YES;
				COPY_PHASE_STRIP = NO;
				DEBUG_INFORMATION_FORMAT = dwarf;
				ENABLE_STRICT_OBJC_MSGSEND = YES;
				ENABLE_TESTABILITY = YES;
				GCC_C_LANGUAGE_STANDARD = gnu11;
				GCC_DYNAMIC_NO_PIC = NO;
				GCC_NO_COMMON_BLOCKS = YES;
				GCC_OPTIMIZATION_LEVEL = 0;
				GCC_PREPROCESSOR_DEFINITIONS = (
					"DEBUG=1",
					"$(inherited)",
				);
				GCC_WARN_64_TO_32_BIT_CONVERSION = YES;
				GCC_WARN_ABOUT_RETURN_TYPE = YES_ERROR;
				GCC_WARN_UNDECLARED_SELECTOR = YES;
				GCC_WARN_UNINITIALIZED_AUTOS = YES_AGGRESSIVE;
				GCC_WARN_UNUSED_FUNCTION = YES;
				GCC_WARN_UNUSED_VARIABLE = YES;
				IPHONEOS_DEPLOYMENT_TARGET = 13.0;
				MTL_ENABLE_DEBUG_INFO = INCLUDE_SOURCE;
				MTL_FAST_MATH = YES;
				ONLY_ACTIVE_ARCH = YES;
				SDKROOT = iphoneos;
				SWIFT_ACTIVE_COMPILATION_CONDITIONS = DEBUG;
				SWIFT_OPTIMIZATION_LEVEL = "-Onone";
			};
			name = Debug;
		};
		A7455BAF2622057F008602F2 /* Release */ = {
			isa = XCBuildConfiguration;
			buildSettings = {
				ALWAYS_SEARCH_USER_PATHS = NO;
				CLANG_ANALYZER_NONNULL = YES;
				CLANG_ANALYZER_NUMBER_OBJECT_CONVERSION = YES_AGGRESSIVE;
				CLANG_CXX_LANGUAGE_STANDARD = "gnu++14";
				CLANG_CXX_LIBRARY = "libc++";
				CLANG_ENABLE_MODULES = YES;
				CLANG_ENABLE_OBJC_ARC = YES;
				CLANG_ENABLE_OBJC_WEAK = YES;
				CLANG_WARN_BLOCK_CAPTURE_AUTORELEASING = YES;
				CLANG_WARN_BOOL_CONVERSION = YES;
				CLANG_WARN_COMMA = YES;
				CLANG_WARN_CONSTANT_CONVERSION = YES;
				CLANG_WARN_DEPRECATED_OBJC_IMPLEMENTATIONS = YES;
				CLANG_WARN_DIRECT_OBJC_ISA_USAGE = YES_ERROR;
				CLANG_WARN_DOCUMENTATION_COMMENTS = YES;
				CLANG_WARN_EMPTY_BODY = YES;
				CLANG_WARN_ENUM_CONVERSION = YES;
				CLANG_WARN_INFINITE_RECURSION = YES;
				CLANG_WARN_INT_CONVERSION = YES;
				CLANG_WARN_NON_LITERAL_NULL_CONVERSION = YES;
				CLANG_WARN_OBJC_IMPLICIT_RETAIN_SELF = YES;
				CLANG_WARN_OBJC_LITERAL_CONVERSION = YES;
				CLANG_WARN_OBJC_ROOT_CLASS = YES_ERROR;
				CLANG_WARN_QUOTED_INCLUDE_IN_FRAMEWORK_HEADER = YES;
				CLANG_WARN_RANGE_LOOP_ANALYSIS = YES;
				CLANG_WARN_STRICT_PROTOTYPES = YES;
				CLANG_WARN_SUSPICIOUS_MOVE = YES;
				CLANG_WARN_UNGUARDED_AVAILABILITY = YES_AGGRESSIVE;
				CLANG_WARN_UNREACHABLE_CODE = YES;
				CLANG_WARN__DUPLICATE_METHOD_MATCH = YES;
				COPY_PHASE_STRIP = NO;
				DEBUG_INFORMATION_FORMAT = "dwarf-with-dsym";
				ENABLE_NS_ASSERTIONS = NO;
				ENABLE_STRICT_OBJC_MSGSEND = YES;
				GCC_C_LANGUAGE_STANDARD = gnu11;
				GCC_NO_COMMON_BLOCKS = YES;
				GCC_WARN_64_TO_32_BIT_CONVERSION = YES;
				GCC_WARN_ABOUT_RETURN_TYPE = YES_ERROR;
				GCC_WARN_UNDECLARED_SELECTOR = YES;
				GCC_WARN_UNINITIALIZED_AUTOS = YES_AGGRESSIVE;
				GCC_WARN_UNUSED_FUNCTION = YES;
				GCC_WARN_UNUSED_VARIABLE = YES;
				IPHONEOS_DEPLOYMENT_TARGET = 13.0;
				MTL_ENABLE_DEBUG_INFO = NO;
				MTL_FAST_MATH = YES;
				SDKROOT = iphoneos;
				SWIFT_COMPILATION_MODE = wholemodule;
				SWIFT_OPTIMIZATION_LEVEL = "-O";
				VALIDATE_PRODUCT = YES;
			};
			name = Release;
		};
		A7455BB12622057F008602F2 /* Debug */ = {
			isa = XCBuildConfiguration;
			baseConfigurationReference = 90DF93169DFF0C9242A497F4 /* Pods-Weatherify.debug.xcconfig */;
			buildSettings = {
				ASSETCATALOG_COMPILER_APPICON_NAME = AppIcon;
				ASSETCATALOG_COMPILER_GLOBAL_ACCENT_COLOR_NAME = AccentColor;
				CODE_SIGN_STYLE = Automatic;
				CURRENT_PROJECT_VERSION = 2;
				DEVELOPMENT_TEAM = 5UUTQV7999;
				INFOPLIST_FILE = Weatherify/Info.plist;
				IPHONEOS_DEPLOYMENT_TARGET = 13.0;
				LD_RUNPATH_SEARCH_PATHS = (
					"$(inherited)",
					"@executable_path/Frameworks",
				);
				PRODUCT_BUNDLE_IDENTIFIER = com.DanielWahby.Weatherify;
				PRODUCT_NAME = "$(TARGET_NAME)";
				SWIFT_VERSION = 5.0;
				TARGETED_DEVICE_FAMILY = "1,2";
			};
			name = Debug;
		};
		A7455BB22622057F008602F2 /* Release */ = {
			isa = XCBuildConfiguration;
			baseConfigurationReference = FB9E7F84B37BF687DBE03122 /* Pods-Weatherify.release.xcconfig */;
			buildSettings = {
				ASSETCATALOG_COMPILER_APPICON_NAME = AppIcon;
				ASSETCATALOG_COMPILER_GLOBAL_ACCENT_COLOR_NAME = AccentColor;
				CODE_SIGN_STYLE = Automatic;
				CURRENT_PROJECT_VERSION = 2;
				DEVELOPMENT_TEAM = 5UUTQV7999;
				INFOPLIST_FILE = Weatherify/Info.plist;
				IPHONEOS_DEPLOYMENT_TARGET = 13.0;
				LD_RUNPATH_SEARCH_PATHS = (
					"$(inherited)",
					"@executable_path/Frameworks",
				);
				PRODUCT_BUNDLE_IDENTIFIER = com.DanielWahby.Weatherify;
				PRODUCT_NAME = "$(TARGET_NAME)";
				SWIFT_VERSION = 5.0;
				TARGETED_DEVICE_FAMILY = "1,2";
			};
			name = Release;
		};
/* End XCBuildConfiguration section */

/* Begin XCConfigurationList section */
		A7455B972622057E008602F2 /* Build configuration list for PBXProject "Weatherify" */ = {
			isa = XCConfigurationList;
			buildConfigurations = (
				A7455BAE2622057F008602F2 /* Debug */,
				A7455BAF2622057F008602F2 /* Release */,
			);
			defaultConfigurationIsVisible = 0;
			defaultConfigurationName = Release;
		};
		A7455BB02622057F008602F2 /* Build configuration list for PBXNativeTarget "Weatherify" */ = {
			isa = XCConfigurationList;
			buildConfigurations = (
				A7455BB12622057F008602F2 /* Debug */,
				A7455BB22622057F008602F2 /* Release */,
			);
			defaultConfigurationIsVisible = 0;
			defaultConfigurationName = Release;
		};
/* End XCConfigurationList section */
	};
	rootObject = A7455B942622057E008602F2 /* Project object */;
}
