// !$*UTF8*$!
{
	archiveVersion = 1;
	classes = {
	};
	objectVersion = 50;
	objects = {

/* Begin PBXBuildFile section */
		A7F1EA9724E030D300A3869E /* AppDelegate.swift in Sources */ = {isa = PBXBuildFile; fileRef = A7F1EA9624E030D300A3869E /* AppDelegate.swift */; };
		A7F1EA9924E030D300A3869E /* SceneDelegate.swift in Sources */ = {isa = PBXBuildFile; fileRef = A7F1EA9824E030D300A3869E /* SceneDelegate.swift */; };
		A7F1EA9B24E030D300A3869E /* ViewController.swift in Sources */ = {isa = PBXBuildFile; fileRef = A7F1EA9A24E030D300A3869E /* ViewController.swift */; };
		A7F1EA9E24E030D300A3869E /* Main.storyboard in Resources */ = {isa = PBXBuildFile; fileRef = A7F1EA9C24E030D300A3869E /* Main.storyboard */; };
		A7F1EAA024E030D500A3869E /* Assets.xcassets in Resources */ = {isa = PBXBuildFile; fileRef = A7F1EA9F24E030D500A3869E /* Assets.xcassets */; };
		A7F1EAA324E030D500A3869E /* LaunchScreen.storyboard in Resources */ = {isa = PBXBuildFile; fileRef = A7F1EAA124E030D500A3869E /* LaunchScreen.storyboard */; };
/* End PBXBuildFile section */

/* Begin PBXFileReference section */
		A7F1EA9324E030D300A3869E /* SimpleWeatherAPI.app */ = {isa = PBXFileReference; explicitFileType = wrapper.application; includeInIndex = 0; path = SimpleWeatherAPI.app; sourceTree = BUILT_PRODUCTS_DIR; };
		A7F1EA9624E030D300A3869E /* AppDelegate.swift */ = {isa = PBXFileReference; lastKnownFileType = sourcecode.swift; path = AppDelegate.swift; sourceTree = "<group>"; };
		A7F1EA9824E030D300A3869E /* SceneDelegate.swift */ = {isa = PBXFileReference; lastKnownFileType = sourcecode.swift; path = SceneDelegate.swift; sourceTree = "<group>"; };
		A7F1EA9A24E030D300A3869E /* ViewController.swift */ = {isa = PBXFileReference; lastKnownFileType = sourcecode.swift; path = ViewController.swift; sourceTree = "<group>"; };
		A7F1EA9D24E030D300A3869E /* Base */ = {isa = PBXFileReference; lastKnownFileType = file.storyboard; name = Base; path = Base.lproj/Main.storyboard; sourceTree = "<group>"; };
		A7F1EA9F24E030D500A3869E /* Assets.xcassets */ = {isa = PBXFileReference; lastKnownFileType = folder.assetcatalog; path = Assets.xcassets; sourceTree = "<group>"; };
		A7F1EAA224E030D500A3869E /* Base */ = {isa = PBXFileReference; lastKnownFileType = file.storyboard; name = Base; path = Base.lproj/LaunchScreen.storyboard; sourceTree = "<group>"; };
		A7F1EAA424E030D500A3869E /* Info.plist */ = {isa = PBXFileReference; lastKnownFileType = text.plist.xml; path = Info.plist; sourceTree = "<group>"; };
/* End PBXFileReference section */

/* Begin PBXFrameworksBuildPhase section */
		A7F1EA9024E030D300A3869E /* Frameworks */ = {
			isa = PBXFrameworksBuildPhase;
			buildActionMask = 2147483647;
			files = (
			);
			runOnlyForDeploymentPostprocessing = 0;
		};
/* End PBXFrameworksBuildPhase section */

/* Begin PBXGroup section */
		A7F1EA8A24E030D300A3869E = {
			isa = PBXGroup;
			children = (
				A7F1EA9524E030D300A3869E /* SimpleWeatherAPI */,
				A7F1EA9424E030D300A3869E /* Products */,
			);
			sourceTree = "<group>";
		};
		A7F1EA9424E030D300A3869E /* Products */ = {
			isa = PBXGroup;
			children = (
				A7F1EA9324E030D300A3869E /* SimpleWeatherAPI.app */,
			);
			name = Products;
			sourceTree = "<group>";
		};
		A7F1EA9524E030D300A3869E /* SimpleWeatherAPI */ = {
			isa = PBXGroup;
			children = (
				A7F1EA9624E030D300A3869E /* AppDelegate.swift */,
				A7F1EA9824E030D300A3869E /* SceneDelegate.swift */,
				A7F1EA9A24E030D300A3869E /* ViewController.swift */,
				A7F1EA9C24E030D300A3869E /* Main.storyboard */,
				A7F1EA9F24E030D500A3869E /* Assets.xcassets */,
				A7F1EAA124E030D500A3869E /* LaunchScreen.storyboard */,
				A7F1EAA424E030D500A3869E /* Info.plist */,
			);
			path = SimpleWeatherAPI;
			sourceTree = "<group>";
		};
/* End PBXGroup section */

/* Begin PBXNativeTarget section */
		A7F1EA9224E030D300A3869E /* SimpleWeatherAPI */ = {
			isa = PBXNativeTarget;
			buildConfigurationList = A7F1EAA724E030D500A3869E /* Build configuration list for PBXNativeTarget "SimpleWeatherAPI" */;
			buildPhases = (
				A7F1EA8F24E030D300A3869E /* Sources */,
				A7F1EA9024E030D300A3869E /* Frameworks */,
				A7F1EA9124E030D300A3869E /* Resources */,
			);
			buildRules = (
			);
			dependencies = (
			);
			name = SimpleWeatherAPI;
			productName = SimpleWeatherAPI;
			productReference = A7F1EA9324E030D300A3869E /* SimpleWeatherAPI.app */;
			productType = "com.apple.product-type.application";
		};
/* End PBXNativeTarget section */

/* Begin PBXProject section */
		A7F1EA8B24E030D300A3869E /* Project object */ = {
			isa = PBXProject;
			attributes = {
				LastSwiftUpdateCheck = 1160;
				LastUpgradeCheck = 1160;
				ORGANIZATIONNAME = "Daniel Radtke";
				TargetAttributes = {
					A7F1EA9224E030D300A3869E = {
						CreatedOnToolsVersion = 11.6;
					};
				};
			};
			buildConfigurationList = A7F1EA8E24E030D300A3869E /* Build configuration list for PBXProject "SimpleWeatherAPI" */;
			compatibilityVersion = "Xcode 9.3";
			developmentRegion = en;
			hasScannedForEncodings = 0;
			knownRegions = (
				en,
				Base,
			);
			mainGroup = A7F1EA8A24E030D300A3869E;
			productRefGroup = A7F1EA9424E030D300A3869E /* Products */;
			projectDirPath = "";
			projectRoot = "";
			targets = (
				A7F1EA9224E030D300A3869E /* SimpleWeatherAPI */,
			);
		};
/* End PBXProject section */

/* Begin PBXResourcesBuildPhase section */
		A7F1EA9124E030D300A3869E /* Resources */ = {
			isa = PBXResourcesBuildPhase;
			buildActionMask = 2147483647;
			files = (
				A7F1EAA324E030D500A3869E /* LaunchScreen.storyboard in Resources */,
				A7F1EAA024E030D500A3869E /* Assets.xcassets in Resources */,
				A7F1EA9E24E030D300A3869E /* Main.storyboard in Resources */,
			);
			runOnlyForDeploymentPostprocessing = 0;
		};
/* End PBXResourcesBuildPhase section */

/* Begin PBXSourcesBuildPhase section */
		A7F1EA8F24E030D300A3869E /* Sources */ = {
			isa = PBXSourcesBuildPhase;
			buildActionMask = 2147483647;
			files = (
				A7F1EA9B24E030D300A3869E /* ViewController.swift in Sources */,
				A7F1EA9724E030D300A3869E /* AppDelegate.swift in Sources */,
				A7F1EA9924E030D300A3869E /* SceneDelegate.swift in Sources */,
			);
			runOnlyForDeploymentPostprocessing = 0;
		};
/* End PBXSourcesBuildPhase section */

/* Begin PBXVariantGroup section */
		A7F1EA9C24E030D300A3869E /* Main.storyboard */ = {
			isa = PBXVariantGroup;
			children = (
				A7F1EA9D24E030D300A3869E /* Base */,
			);
			name = Main.storyboard;
			sourceTree = "<group>";
		};
		A7F1EAA124E030D500A3869E /* LaunchScreen.storyboard */ = {
			isa = PBXVariantGroup;
			children = (
				A7F1EAA224E030D500A3869E /* Base */,
			);
			name = LaunchScreen.storyboard;
			sourceTree = "<group>";
		};
/* End PBXVariantGroup section */

/* Begin XCBuildConfiguration section */
		A7F1EAA524E030D500A3869E /* Debug */ = {
			isa = XCBuildConfiguration;
			buildSettings = {
				ALWAYS_SEARCH_USER_PATHS = NO;
				CLANG_ANALYZER_NONNULL = YES;
				CLANG_ANALYZER_NUMBER_OBJECT_CONVERSION = YES_AGGRESSIVE;
				CLANG_CXX_LANGUAGE_STANDARD = "gnu++14";
				CLANG_CXX_LIBRARY = "libc++";
				CLANG_ENABLE_MODULES = YES;
				CLANG_ENABLE_OBJC_ARC = YES;
				CLANG_ENABLE_OBJC_WEAK = YES;
				CLANG_WARN_BLOCK_CAPTURE_AUTORELEASING = YES;
				CLANG_WARN_BOOL_CONVERSION = YES;
				CLANG_WARN_COMMA = YES;
				CLANG_WARN_CONSTANT_CONVERSION = YES;
				CLANG_WARN_DEPRECATED_OBJC_IMPLEMENTATIONS = YES;
				CLANG_WARN_DIRECT_OBJC_ISA_USAGE = YES_ERROR;
				CLANG_WARN_DOCUMENTATION_COMMENTS = YES;
				CLANG_WARN_EMPTY_BODY = YES;
				CLANG_WARN_ENUM_CONVERSION = YES;
				CLANG_WARN_INFINITE_RECURSION = YES;
				CLANG_WARN_INT_CONVERSION = YES;
				CLANG_WARN_NON_LITERAL_NULL_CONVERSION = YES;
				CLANG_WARN_OBJC_IMPLICIT_RETAIN_SELF = YES;
				CLANG_WARN_OBJC_LITERAL_CONVERSION = YES;
				CLANG_WARN_OBJC_ROOT_CLASS = YES_ERROR;
				CLANG_WARN_RANGE_LOOP_ANALYSIS = YES;
				CLANG_WARN_STRICT_PROTOTYPES = YES;
				CLANG_WARN_SUSPICIOUS_MOVE = YES;
				CLANG_WARN_UNGUARDED_AVAILABILITY = YES_AGGRESSIVE;
				CLANG_WARN_UNREACHABLE_CODE = YES;
				CLANG_WARN__DUPLICATE_METHOD_MATCH = YES;
				COPY_PHASE_STRIP = NO;
				DEBUG_INFORMATION_FORMAT = dwarf;
				ENABLE_STRICT_OBJC_MSGSEND = YES;
				ENABLE_TESTABILITY = YES;
				GCC_C_LANGUAGE_STANDARD = gnu11;
				GCC_DYNAMIC_NO_PIC = NO;
				GCC_NO_COMMON_BLOCKS = YES;
				GCC_OPTIMIZATION_LEVEL = 0;
				GCC_PREPROCESSOR_DEFINITIONS = (
					"DEBUG=1",
					"$(inherited)",
				);
				GCC_WARN_64_TO_32_BIT_CONVERSION = YES;
				GCC_WARN_ABOUT_RETURN_TYPE = YES_ERROR;
				GCC_WARN_UNDECLARED_SELECTOR = YES;
				GCC_WARN_UNINITIALIZED_AUTOS = YES_AGGRESSIVE;
				GCC_WARN_UNUSED_FUNCTION = YES;
				GCC_WARN_UNUSED_VARIABLE = YES;
				IPHONEOS_DEPLOYMENT_TARGET = 13.6;
				MTL_ENABLE_DEBUG_INFO = INCLUDE_SOURCE;
				MTL_FAST_MATH = YES;
				ONLY_ACTIVE_ARCH = YES;
				SDKROOT = iphoneos;
				SWIFT_ACTIVE_COMPILATION_CONDITIONS = DEBUG;
				SWIFT_OPTIMIZATION_LEVEL = "-Onone";
			};
			name = Debug;
		};
		A7F1EAA624E030D500A3869E /* Release */ = {
			isa = XCBuildConfiguration;
			buildSettings = {
				ALWAYS_SEARCH_USER_PATHS = NO;
				CLANG_ANALYZER_NONNULL = YES;
				CLANG_ANALYZER_NUMBER_OBJECT_CONVERSION = YES_AGGRESSIVE;
				CLANG_CXX_LANGUAGE_STANDARD = "gnu++14";
				CLANG_CXX_LIBRARY = "libc++";
				CLANG_ENABLE_MODULES = YES;
				CLANG_ENABLE_OBJC_ARC = YES;
				CLANG_ENABLE_OBJC_WEAK = YES;
				CLANG_WARN_BLOCK_CAPTURE_AUTORELEASING = YES;
				CLANG_WARN_BOOL_CONVERSION = YES;
				CLANG_WARN_COMMA = YES;
				CLANG_WARN_CONSTANT_CONVERSION = YES;
				CLANG_WARN_DEPRECATED_OBJC_IMPLEMENTATIONS = YES;
				CLANG_WARN_DIRECT_OBJC_ISA_USAGE = YES_ERROR;
				CLANG_WARN_DOCUMENTATION_COMMENTS = YES;
				CLANG_WARN_EMPTY_BODY = YES;
				CLANG_WARN_ENUM_CONVERSION = YES;
				CLANG_WARN_INFINITE_RECURSION = YES;
				CLANG_WARN_INT_CONVERSION = YES;
				CLANG_WARN_NON_LITERAL_NULL_CONVERSION = YES;
				CLANG_WARN_OBJC_IMPLICIT_RETAIN_SELF = YES;
				CLANG_WARN_OBJC_LITERAL_CONVERSION = YES;
				CLANG_WARN_OBJC_ROOT_CLASS = YES_ERROR;
				CLANG_WARN_RANGE_LOOP_ANALYSIS = YES;
				CLANG_WARN_STRICT_PROTOTYPES = YES;
				CLANG_WARN_SUSPICIOUS_MOVE = YES;
				CLANG_WARN_UNGUARDED_AVAILABILITY = YES_AGGRESSIVE;
				CLANG_WARN_UNREACHABLE_CODE = YES;
				CLANG_WARN__DUPLICATE_METHOD_MATCH = YES;
				COPY_PHASE_STRIP = NO;
				DEBUG_INFORMATION_FORMAT = "dwarf-with-dsym";
				ENABLE_NS_ASSERTIONS = NO;
				ENABLE_STRICT_OBJC_MSGSEND = YES;
				GCC_C_LANGUAGE_STANDARD = gnu11;
				GCC_NO_COMMON_BLOCKS = YES;
				GCC_WARN_64_TO_32_BIT_CONVERSION = YES;
				GCC_WARN_ABOUT_RETURN_TYPE = YES_ERROR;
				GCC_WARN_UNDECLARED_SELECTOR = YES;
				GCC_WARN_UNINITIALIZED_AUTOS = YES_AGGRESSIVE;
				GCC_WARN_UNUSED_FUNCTION = YES;
				GCC_WARN_UNUSED_VARIABLE = YES;
				IPHONEOS_DEPLOYMENT_TARGET = 13.6;
				MTL_ENABLE_DEBUG_INFO = NO;
				MTL_FAST_MATH = YES;
				SDKROOT = iphoneos;
				SWIFT_COMPILATION_MODE = wholemodule;
				SWIFT_OPTIMIZATION_LEVEL = "-O";
				VALIDATE_PRODUCT = YES;
			};
			name = Release;
		};
		A7F1EAA824E030D500A3869E /* Debug */ = {
			isa = XCBuildConfiguration;
			buildSettings = {
				ASSETCATALOG_COMPILER_APPICON_NAME = AppIcon;
				CODE_SIGN_STYLE = Automatic;
				DEVELOPMENT_TEAM = EF43AHQ8L4;
				INFOPLIST_FILE = SimpleWeatherAPI/Info.plist;
				LD_RUNPATH_SEARCH_PATHS = (
					"$(inherited)",
					"@executable_path/Frameworks",
				);
				PRODUCT_BUNDLE_IDENTIFIER = com.DanTheMan.SimpleWeatherAPI;
				PRODUCT_NAME = "$(TARGET_NAME)";
				SWIFT_VERSION = 5.0;
				TARGETED_DEVICE_FAMILY = "1,2";
			};
			name = Debug;
		};
		A7F1EAA924E030D500A3869E /* Release */ = {
			isa = XCBuildConfiguration;
			buildSettings = {
				ASSETCATALOG_COMPILER_APPICON_NAME = AppIcon;
				CODE_SIGN_STYLE = Automatic;
				DEVELOPMENT_TEAM = EF43AHQ8L4;
				INFOPLIST_FILE = SimpleWeatherAPI/Info.plist;
				LD_RUNPATH_SEARCH_PATHS = (
					"$(inherited)",
					"@executable_path/Frameworks",
				);
				PRODUCT_BUNDLE_IDENTIFIER = com.DanTheMan.SimpleWeatherAPI;
				PRODUCT_NAME = "$(TARGET_NAME)";
				SWIFT_VERSION = 5.0;
				TARGETED_DEVICE_FAMILY = "1,2";
			};
			name = Release;
		};
/* End XCBuildConfiguration section */

/* Begin XCConfigurationList section */
		A7F1EA8E24E030D300A3869E /* Build configuration list for PBXProject "SimpleWeatherAPI" */ = {
			isa = XCConfigurationList;
			buildConfigurations = (
				A7F1EAA524E030D500A3869E /* Debug */,
				A7F1EAA624E030D500A3869E /* Release */,
			);
			defaultConfigurationIsVisible = 0;
			defaultConfigurationName = Release;
		};
		A7F1EAA724E030D500A3869E /* Build configuration list for PBXNativeTarget "SimpleWeatherAPI" */ = {
			isa = XCConfigurationList;
			buildConfigurations = (
				A7F1EAA824E030D500A3869E /* Debug */,
				A7F1EAA924E030D500A3869E /* Release */,
			);
			defaultConfigurationIsVisible = 0;
			defaultConfigurationName = Release;
		};
/* End XCConfigurationList section */
	};
	rootObject = A7F1EA8B24E030D300A3869E /* Project object */;
}
